// !$*UTF8*$!
{
	archiveVersion = 1;
	classes = {
	};
	objectVersion = 46;
	objects = {

/* Begin PBXBuildFile section */
		131226A41F569D18002DC4A4 /* main.cpp in Sources */ = {isa = PBXBuildFile; fileRef = 131226A31F569D18002DC4A4 /* main.cpp */; };
		131226AC1F56A03F002DC4A4 /* IOKit.framework in Frameworks */ = {isa = PBXBuildFile; fileRef = 131226AB1F56A03F002DC4A4 /* IOKit.framework */; };
		131226AE1F56A2EE002DC4A4 /* CoreFoundation.framework in Frameworks */ = {isa = PBXBuildFile; fileRef = 131226AD1F56A2EE002DC4A4 /* CoreFoundation.framework */; };
/* End PBXBuildFile section */

/* Begin PBXCopyFilesBuildPhase section */
		1312269E1F569D18002DC4A4 /* CopyFiles */ = {
			isa = PBXCopyFilesBuildPhase;
			buildActionMask = 2147483647;
			dstPath = /usr/share/man/man1/;
			dstSubfolderSpec = 0;
			files = (
			);
			runOnlyForDeploymentPostprocessing = 1;
		};
/* End PBXCopyFilesBuildPhase section */

/* Begin PBXFileReference section */
		131226A01F569D18002DC4A4 /* WakeFWUp */ = {isa = PBXFileReference; explicitFileType = "compiled.mach-o.executable"; includeInIndex = 0; path = WakeFWUp; sourceTree = BUILT_PRODUCTS_DIR; };
		131226A31F569D18002DC4A4 /* main.cpp */ = {isa = PBXFileReference; lastKnownFileType = sourcecode.cpp.cpp; path = main.cpp; sourceTree = "<group>"; };
		131226AB1F56A03F002DC4A4 /* IOKit.framework */ = {isa = PBXFileReference; lastKnownFileType = wrapper.framework; name = IOKit.framework; path = System/Library/Frameworks/IOKit.framework; sourceTree = SDKROOT; };
		131226AD1F56A2EE002DC4A4 /* CoreFoundation.framework */ = {isa = PBXFileReference; lastKnownFileType = wrapper.framework; name = CoreFoundation.framework; path = System/Library/Frameworks/CoreFoundation.framework; sourceTree = SDKROOT; };
/* End PBXFileReference section */

/* Begin PBXFrameworksBuildPhase section */
		1312269D1F569D18002DC4A4 /* Frameworks */ = {
			isa = PBXFrameworksBuildPhase;
			buildActionMask = 2147483647;
			files = (
				131226AE1F56A2EE002DC4A4 /* CoreFoundation.framework in Frameworks */,
				131226AC1F56A03F002DC4A4 /* IOKit.framework in Frameworks */,
			);
			runOnlyForDeploymentPostprocessing = 0;
		};
/* End PBXFrameworksBuildPhase section */

/* Begin PBXGroup section */
		131226971F569D18002DC4A4 = {
			isa = PBXGroup;
			children = (
				131226A21F569D18002DC4A4 /* WakeMeUp */,
				131226A11F569D18002DC4A4 /* Products */,
				131226AA1F56A03F002DC4A4 /* Frameworks */,
			);
			sourceTree = "<group>";
		};
		131226A11F569D18002DC4A4 /* Products */ = {
			isa = PBXGroup;
			children = (
				131226A01F569D18002DC4A4 /* WakeFWUp */,
			);
			name = Products;
			sourceTree = "<group>";
		};
		131226A21F569D18002DC4A4 /* WakeMeUp */ = {
			isa = PBXGroup;
			children = (
				131226A31F569D18002DC4A4 /* main.cpp */,
			);
			path = WakeMeUp;
			sourceTree = "<group>";
		};
		131226AA1F56A03F002DC4A4 /* Frameworks */ = {
			isa = PBXGroup;
			children = (
				131226AD1F56A2EE002DC4A4 /* CoreFoundation.framework */,
				131226AB1F56A03F002DC4A4 /* IOKit.framework */,
			);
			name = Frameworks;
			sourceTree = "<group>";
		};
/* End PBXGroup section */

/* Begin PBXNativeTarget section */
		1312269F1F569D18002DC4A4 /* WakeFWUp */ = {
			isa = PBXNativeTarget;
			buildConfigurationList = 131226A71F569D18002DC4A4 /* Build configuration list for PBXNativeTarget "WakeFWUp" */;
			buildPhases = (
				1312269C1F569D18002DC4A4 /* Sources */,
				1312269D1F569D18002DC4A4 /* Frameworks */,
				1312269E1F569D18002DC4A4 /* CopyFiles */,
			);
			buildRules = (
			);
			dependencies = (
			);
			name = WakeFWUp;
			productName = WakeMeUp;
			productReference = 131226A01F569D18002DC4A4 /* WakeFWUp */;
			productType = "com.apple.product-type.tool";
		};
/* End PBXNativeTarget section */

/* Begin PBXProject section */
		131226981F569D18002DC4A4 /* Project object */ = {
			isa = PBXProject;
			attributes = {
				LastUpgradeCheck = 0830;
				ORGANIZATIONNAME = LUpsilon;
				TargetAttributes = {
					1312269F1F569D18002DC4A4 = {
						CreatedOnToolsVersion = 8.3.2;
						DevelopmentTeam = 7C3J2566JR;
						ProvisioningStyle = Automatic;
					};
				};
			};
			buildConfigurationList = 1312269B1F569D18002DC4A4 /* Build configuration list for PBXProject "WakeFWUp" */;
			compatibilityVersion = "Xcode 3.2";
			developmentRegion = English;
			hasScannedForEncodings = 0;
			knownRegions = (
				en,
			);
			mainGroup = 131226971F569D18002DC4A4;
			productRefGroup = 131226A11F569D18002DC4A4 /* Products */;
			projectDirPath = "";
			projectRoot = "";
			targets = (
				1312269F1F569D18002DC4A4 /* WakeFWUp */,
			);
		};
/* End PBXProject section */

/* Begin PBXSourcesBuildPhase section */
		1312269C1F569D18002DC4A4 /* Sources */ = {
			isa = PBXSourcesBuildPhase;
			buildActionMask = 2147483647;
			files = (
				131226A41F569D18002DC4A4 /* main.cpp in Sources */,
			);
			runOnlyForDeploymentPostprocessing = 0;
		};
/* End PBXSourcesBuildPhase section */

/* Begin XCBuildConfiguration section */
		131226A51F569D18002DC4A4 /* Debug */ = {
			isa = XCBuildConfiguration;
			buildSettings = {
				ALWAYS_SEARCH_USER_PATHS = NO;
				CLANG_ANALYZER_NONNULL = YES;
				CLANG_ANALYZER_NUMBER_OBJECT_CONVERSION = YES_AGGRESSIVE;
				CLANG_CXX_LANGUAGE_STANDARD = "gnu++0x";
				CLANG_CXX_LIBRARY = "libc++";
				CLANG_ENABLE_MODULES = YES;
				CLANG_ENABLE_OBJC_ARC = YES;
				CLANG_WARN_BOOL_CONVERSION = YES;
				CLANG_WARN_CONSTANT_CONVERSION = YES;
				CLANG_WARN_DIRECT_OBJC_ISA_USAGE = YES_ERROR;
				CLANG_WARN_DOCUMENTATION_COMMENTS = YES;
				CLANG_WARN_EMPTY_BODY = YES;
				CLANG_WARN_ENUM_CONVERSION = YES;
				CLANG_WARN_INFINITE_RECURSION = YES;
				CLANG_WARN_INT_CONVERSION = YES;
				CLANG_WARN_OBJC_ROOT_CLASS = YES_ERROR;
				CLANG_WARN_SUSPICIOUS_MOVE = YES;
				CLANG_WARN_UNREACHABLE_CODE = YES;
				CLANG_WARN__DUPLICATE_METHOD_MATCH = YES;
				CODE_SIGN_IDENTITY = "-";
				COPY_PHASE_STRIP = NO;
				DEBUG_INFORMATION_FORMAT = dwarf;
				ENABLE_STRICT_OBJC_MSGSEND = YES;
				ENABLE_TESTABILITY = YES;
				GCC_C_LANGUAGE_STANDARD = gnu99;
				GCC_DYNAMIC_NO_PIC = NO;
				GCC_NO_COMMON_BLOCKS = YES;
				GCC_OPTIMIZATION_LEVEL = 0;
				GCC_PREPROCESSOR_DEFINITIONS = (
					"DEBUG=1",
					"$(inherited)",
				);
				GCC_WARN_64_TO_32_BIT_CONVERSION = YES;
				GCC_WARN_ABOUT_RETURN_TYPE = YES_ERROR;
				GCC_WARN_UNDECLARED_SELECTOR = YES;
				GCC_WARN_UNINITIALIZED_AUTOS = YES_AGGRESSIVE;
				GCC_WARN_UNUSED_FUNCTION = YES;
				GCC_WARN_UNUSED_VARIABLE = YES;
				MACOSX_DEPLOYMENT_TARGET = 10.12;
				MTL_ENABLE_DEBUG_INFO = YES;
				ONLY_ACTIVE_ARCH = YES;
				SDKROOT = macosx;
			};
			name = Debug;
		};
		131226A61F569D18002DC4A4 /* Release */ = {
			isa = XCBuildConfiguration;
			buildSettings = {
				ALWAYS_SEARCH_USER_PATHS = NO;
				CLANG_ANALYZER_NONNULL = YES;
				CLANG_ANALYZER_NUMBER_OBJECT_CONVERSION = YES_AGGRESSIVE;
				CLANG_CXX_LANGUAGE_STANDARD = "gnu++0x";
				CLANG_CXX_LIBRARY = "libc++";
				CLANG_ENABLE_MODULES = YES;
				CLANG_ENABLE_OBJC_ARC = YES;
				CLANG_WARN_BOOL_CONVERSION = YES;
				CLANG_WARN_CONSTANT_CONVERSION = YES;
				CLANG_WARN_DIRECT_OBJC_ISA_USAGE = YES_ERROR;
				CLANG_WARN_DOCUMENTATION_COMMENTS = YES;
				CLANG_WARN_EMPTY_BODY = YES;
				CLANG_WARN_ENUM_CONVERSION = YES;
				CLANG_WARN_INFINITE_RECURSION = YES;
				CLANG_WARN_INT_CONVERSION = YES;
				CLANG_WARN_OBJC_ROOT_CLASS = YES_ERROR;
				CLANG_WARN_SUSPICIOUS_MOVE = YES;
				CLANG_WARN_UNREACHABLE_CODE = YES;
				CLANG_WARN__DUPLICATE_METHOD_MATCH = YES;
				CODE_SIGN_IDENTITY = "-";
				COPY_PHASE_STRIP = NO;
				DEBUG_INFORMATION_FORMAT = "dwarf-with-dsym";
				ENABLE_NS_ASSERTIONS = NO;
				ENABLE_STRICT_OBJC_MSGSEND = YES;
				GCC_C_LANGUAGE_STANDARD = gnu99;
				GCC_NO_COMMON_BLOCKS = YES;
				GCC_WARN_64_TO_32_BIT_CONVERSION = YES;
				GCC_WARN_ABOUT_RETURN_TYPE = YES_ERROR;
				GCC_WARN_UNDECLARED_SELECTOR = YES;
				GCC_WARN_UNINITIALIZED_AUTOS = YES_AGGRESSIVE;
				GCC_WARN_UNUSED_FUNCTION = YES;
				GCC_WARN_UNUSED_VARIABLE = YES;
				MACOSX_DEPLOYMENT_TARGET = 10.12;
				MTL_ENABLE_DEBUG_INFO = NO;
				SDKROOT = macosx;
			};
			name = Release;
		};
		131226A81F569D18002DC4A4 /* Debug */ = {
			isa = XCBuildConfiguration;
			buildSettings = {
				CODE_SIGN_IDENTITY = "Mac Developer";
				DEVELOPMENT_TEAM = 7C3J2566JR;
				PRODUCT_NAME = "$(TARGET_NAME)";
				PROVISIONING_PROFILE_SPECIFIER = "";
			};
			name = Debug;
		};
		131226A91F569D18002DC4A4 /* Release */ = {
			isa = XCBuildConfiguration;
			buildSettings = {
				CODE_SIGN_IDENTITY = "Mac Developer";
				DEVELOPMENT_TEAM = 7C3J2566JR;
				PRODUCT_NAME = "$(TARGET_NAME)";
				PROVISIONING_PROFILE_SPECIFIER = "";
			};
			name = Release;
		};
/* End XCBuildConfiguration section */

/* Begin XCConfigurationList section */
		1312269B1F569D18002DC4A4 /* Build configuration list for PBXProject "WakeFWUp" */ = {
			isa = XCConfigurationList;
			buildConfigurations = (
				131226A51F569D18002DC4A4 /* Debug */,
				131226A61F569D18002DC4A4 /* Release */,
			);
			defaultConfigurationIsVisible = 0;
			defaultConfigurationName = Release;
		};
		131226A71F569D18002DC4A4 /* Build configuration list for PBXNativeTarget "WakeFWUp" */ = {
			isa = XCConfigurationList;
			buildConfigurations = (
				131226A81F569D18002DC4A4 /* Debug */,
				131226A91F569D18002DC4A4 /* Release */,
			);
			defaultConfigurationIsVisible = 0;
			defaultConfigurationName = Release;
		};
/* End XCConfigurationList section */
	};
	rootObject = 131226981F569D18002DC4A4 /* Project object */;
}
